
Microsoft Visual Studio Solution File, Format Version 12.00
# Visual Studio Version 17
VisualStudioVersion = 17.12.35527.113 d17.12
MinimumVisualStudioVersion = 10.0.40219.1
Project("{8BC9CEB8-8B4A-11D0-8D11-00A0C91BC942}") = "Library-Management-System", "Library-Management-System\Library-Management-System.vcxproj", "{86F2A900-5C99-4755-A043-E22CF9BA4FCD}"
EndProject
Global
	GlobalSection(SolutionConfigurationPlatforms) = preSolution
		Debug|x64 = Debug|x64
		Debug|x86 = Debug|x86
		Release|x64 = Release|x64
		Release|x86 = Release|x86
	EndGlobalSection
	GlobalSection(ProjectConfigurationPlatforms) = postSolution
		{86F2A900-5C99-4755-A043-E22CF9BA4FCD}.Debug|x64.ActiveCfg = Debug|x64
		{86F2A900-5C99-4755-A043-E22CF9BA4FCD}.Debug|x64.Build.0 = Debug|x64
		{86F2A900-5C99-4755-A043-E22CF9BA4FCD}.Debug|x86.ActiveCfg = Debug|Win32
		{86F2A900-5C99-4755-A043-E22CF9BA4FCD}.Debug|x86.Build.0 = Debug|Win32
		{86F2A900-5C99-4755-A043-E22CF9BA4FCD}.Release|x64.ActiveCfg = Release|x64
		{86F2A900-5C99-4755-A043-E22CF9BA4FCD}.Release|x64.Build.0 = Release|x64
		{86F2A900-5C99-4755-A043-E22CF9BA4FCD}.Release|x86.ActiveCfg = Release|Win32
		{86F2A900-5C99-4755-A043-E22CF9BA4FCD}.Release|x86.Build.0 = Release|Win32
	EndGlobalSection
	GlobalSection(SolutionProperties) = preSolution
		HideSolutionNode = FALSE
	EndGlobalSection
EndGlobal
